
Microsoft Visual Studio Solution File, Format Version 12.00
# Visual Studio Version 17
VisualStudioVersion = 17.6.33829.357
MinimumVisualStudioVersion = 10.0.40219.1
Project("{FAE04EC0-301F-11D3-BF4B-00C04F79EFBC}") = "ATIVIDADE11", "ATIVIDADE11\ATIVIDADE11.csproj", "{7C61F017-5A01-4521-892A-DD49469A999B}"
EndProject
Global
	GlobalSection(SolutionConfigurationPlatforms) = preSolution
		Debug|Any CPU = Debug|Any CPU
		Release|Any CPU = Release|Any CPU
	EndGlobalSection
	GlobalSection(ProjectConfigurationPlatforms) = postSolution
		{7C61F017-5A01-4521-892A-DD49469A999B}.Debug|Any CPU.ActiveCfg = Debug|Any CPU
		{7C61F017-5A01-4521-892A-DD49469A999B}.Debug|Any CPU.Build.0 = Debug|Any CPU
		{7C61F017-5A01-4521-892A-DD49469A999B}.Release|Any CPU.ActiveCfg = Release|Any CPU
		{7C61F017-5A01-4521-892A-DD49469A999B}.Release|Any CPU.Build.0 = Release|Any CPU
	EndGlobalSection
	GlobalSection(SolutionProperties) = preSolution
		HideSolutionNode = FALSE
	EndGlobalSection
	GlobalSection(ExtensibilityGlobals) = postSolution
		SolutionGuid = {5202004C-95E4-4AFA-8051-9AD974771F3C}
	EndGlobalSection
EndGlobal
